// !$*UTF8*$!
{
	archiveVersion = 1;
	classes = {
	};
	objectVersion = 46;
	objects = {

/* Begin PBXBuildFile section */
		711EF1771E3DD3D60022E79C /* Eureka.framework in Frameworks */ = {isa = PBXBuildFile; fileRef = 711EF1761E3DD3D60022E79C /* Eureka.framework */; };
		711EF17D1E3DE1350022E79C /* RecursoViewController.swift in Sources */ = {isa = PBXBuildFile; fileRef = 711EF17C1E3DE1350022E79C /* RecursoViewController.swift */; };
		713BC2D91E3D19710008616D /* AppDelegate.swift in Sources */ = {isa = PBXBuildFile; fileRef = 713BC2D81E3D19710008616D /* AppDelegate.swift */; };
		713BC2DB1E3D19710008616D /* FirstViewController.swift in Sources */ = {isa = PBXBuildFile; fileRef = 713BC2DA1E3D19710008616D /* FirstViewController.swift */; };
		713BC2DD1E3D19710008616D /* SecondViewController.swift in Sources */ = {isa = PBXBuildFile; fileRef = 713BC2DC1E3D19710008616D /* SecondViewController.swift */; };
		713BC2E01E3D19710008616D /* Main.storyboard in Resources */ = {isa = PBXBuildFile; fileRef = 713BC2DE1E3D19710008616D /* Main.storyboard */; };
		713BC2E21E3D19710008616D /* Assets.xcassets in Resources */ = {isa = PBXBuildFile; fileRef = 713BC2E11E3D19710008616D /* Assets.xcassets */; };
		713BC2E51E3D19710008616D /* LaunchScreen.storyboard in Resources */ = {isa = PBXBuildFile; fileRef = 713BC2E31E3D19710008616D /* LaunchScreen.storyboard */; };
		713BC2EE1E3D1E320008616D /* QueSaber.storyboard in Resources */ = {isa = PBXBuildFile; fileRef = 713BC2EC1E3D1E320008616D /* QueSaber.storyboard */; };
		713BC2F11E3D1E540008616D /* QueHacer.storyboard in Resources */ = {isa = PBXBuildFile; fileRef = 713BC2EF1E3D1E540008616D /* QueHacer.storyboard */; };
		713BC2F41E3D1E9A0008616D /* ComoProceder.storyboard in Resources */ = {isa = PBXBuildFile; fileRef = 713BC2F21E3D1E9A0008616D /* ComoProceder.storyboard */; };
		71F6F6951E3D54F40041BF4F /* ThirdViewController.swift in Sources */ = {isa = PBXBuildFile; fileRef = 71F6F6941E3D54F40041BF4F /* ThirdViewController.swift */; };
		71F6F6971E3D75150041BF4F /* PanicViewController.swift in Sources */ = {isa = PBXBuildFile; fileRef = 71F6F6961E3D75150041BF4F /* PanicViewController.swift */; };
/* End PBXBuildFile section */

/* Begin PBXFileReference section */
		711EF1761E3DD3D60022E79C /* Eureka.framework */ = {isa = PBXFileReference; lastKnownFileType = wrapper.framework; name = Eureka.framework; path = Carthage/Build/iOS/Eureka.framework; sourceTree = "<group>"; };
		711EF17C1E3DE1350022E79C /* RecursoViewController.swift */ = {isa = PBXFileReference; fileEncoding = 4; lastKnownFileType = sourcecode.swift; path = RecursoViewController.swift; sourceTree = "<group>"; };
		713BC2D51E3D19710008616D /* DefensaVial.app */ = {isa = PBXFileReference; explicitFileType = wrapper.application; includeInIndex = 0; path = DefensaVial.app; sourceTree = BUILT_PRODUCTS_DIR; };
		713BC2D81E3D19710008616D /* AppDelegate.swift */ = {isa = PBXFileReference; lastKnownFileType = sourcecode.swift; path = AppDelegate.swift; sourceTree = "<group>"; };
		713BC2DA1E3D19710008616D /* FirstViewController.swift */ = {isa = PBXFileReference; lastKnownFileType = sourcecode.swift; path = FirstViewController.swift; sourceTree = "<group>"; };
		713BC2DC1E3D19710008616D /* SecondViewController.swift */ = {isa = PBXFileReference; lastKnownFileType = sourcecode.swift; path = SecondViewController.swift; sourceTree = "<group>"; };
		713BC2DF1E3D19710008616D /* Base */ = {isa = PBXFileReference; lastKnownFileType = file.storyboard; name = Base; path = Base.lproj/Main.storyboard; sourceTree = "<group>"; };
		713BC2E11E3D19710008616D /* Assets.xcassets */ = {isa = PBXFileReference; lastKnownFileType = folder.assetcatalog; path = Assets.xcassets; sourceTree = "<group>"; };
		713BC2E41E3D19710008616D /* Base */ = {isa = PBXFileReference; lastKnownFileType = file.storyboard; name = Base; path = Base.lproj/LaunchScreen.storyboard; sourceTree = "<group>"; };
		713BC2E61E3D19710008616D /* Info.plist */ = {isa = PBXFileReference; lastKnownFileType = text.plist.xml; path = Info.plist; sourceTree = "<group>"; };
		713BC2ED1E3D1E320008616D /* Base */ = {isa = PBXFileReference; lastKnownFileType = file.storyboard; name = Base; path = Base.lproj/QueSaber.storyboard; sourceTree = "<group>"; };
		713BC2F01E3D1E540008616D /* Base */ = {isa = PBXFileReference; lastKnownFileType = file.storyboard; name = Base; path = Base.lproj/QueHacer.storyboard; sourceTree = "<group>"; };
		713BC2F31E3D1E9A0008616D /* Base */ = {isa = PBXFileReference; lastKnownFileType = file.storyboard; name = Base; path = Base.lproj/ComoProceder.storyboard; sourceTree = "<group>"; };
		71F6F6941E3D54F40041BF4F /* ThirdViewController.swift */ = {isa = PBXFileReference; fileEncoding = 4; lastKnownFileType = sourcecode.swift; path = ThirdViewController.swift; sourceTree = "<group>"; };
		71F6F6961E3D75150041BF4F /* PanicViewController.swift */ = {isa = PBXFileReference; fileEncoding = 4; lastKnownFileType = sourcecode.swift; path = PanicViewController.swift; sourceTree = "<group>"; };
/* End PBXFileReference section */

/* Begin PBXFrameworksBuildPhase section */
		713BC2D21E3D19710008616D /* Frameworks */ = {
			isa = PBXFrameworksBuildPhase;
			buildActionMask = 2147483647;
			files = (
				711EF1771E3DD3D60022E79C /* Eureka.framework in Frameworks */,
			);
			runOnlyForDeploymentPostprocessing = 0;
		};
/* End PBXFrameworksBuildPhase section */

/* Begin PBXGroup section */
		711EF1751E3DD3D50022E79C /* Frameworks */ = {
			isa = PBXGroup;
			children = (
				711EF1761E3DD3D60022E79C /* Eureka.framework */,
			);
			name = Frameworks;
			sourceTree = "<group>";
		};
		713BC2CC1E3D19710008616D = {
			isa = PBXGroup;
			children = (
				713BC2D71E3D19710008616D /* DefensaVial */,
				713BC2D61E3D19710008616D /* Products */,
				711EF1751E3DD3D50022E79C /* Frameworks */,
			);
			sourceTree = "<group>";
		};
		713BC2D61E3D19710008616D /* Products */ = {
			isa = PBXGroup;
			children = (
				713BC2D51E3D19710008616D /* DefensaVial.app */,
			);
			name = Products;
			sourceTree = "<group>";
		};
		713BC2D71E3D19710008616D /* DefensaVial */ = {
			isa = PBXGroup;
			children = (
				713BC2D81E3D19710008616D /* AppDelegate.swift */,
				713BC2DA1E3D19710008616D /* FirstViewController.swift */,
				713BC2DC1E3D19710008616D /* SecondViewController.swift */,
				71F6F6961E3D75150041BF4F /* PanicViewController.swift */,
				71F6F6941E3D54F40041BF4F /* ThirdViewController.swift */,
				711EF17C1E3DE1350022E79C /* RecursoViewController.swift */,
				713BC2DE1E3D19710008616D /* Main.storyboard */,
				713BC2EC1E3D1E320008616D /* QueSaber.storyboard */,
				713BC2EF1E3D1E540008616D /* QueHacer.storyboard */,
				713BC2F21E3D1E9A0008616D /* ComoProceder.storyboard */,
				713BC2E11E3D19710008616D /* Assets.xcassets */,
				713BC2E31E3D19710008616D /* LaunchScreen.storyboard */,
				713BC2E61E3D19710008616D /* Info.plist */,
			);
			path = DefensaVial;
			sourceTree = "<group>";
		};
/* End PBXGroup section */

/* Begin PBXNativeTarget section */
		713BC2D41E3D19710008616D /* DefensaVial */ = {
			isa = PBXNativeTarget;
			buildConfigurationList = 713BC2E91E3D19710008616D /* Build configuration list for PBXNativeTarget "DefensaVial" */;
			buildPhases = (
				713BC2D11E3D19710008616D /* Sources */,
				713BC2D21E3D19710008616D /* Frameworks */,
				713BC2D31E3D19710008616D /* Resources */,
				711EF1781E3DD4590022E79C /* Run Script */,
			);
			buildRules = (
			);
			dependencies = (
			);
			name = DefensaVial;
			productName = DefensaVial;
			productReference = 713BC2D51E3D19710008616D /* DefensaVial.app */;
			productType = "com.apple.product-type.application";
		};
/* End PBXNativeTarget section */

/* Begin PBXProject section */
		713BC2CD1E3D19710008616D /* Project object */ = {
			isa = PBXProject;
			attributes = {
				LastSwiftUpdateCheck = 0820;
				LastUpgradeCheck = 0820;
				ORGANIZATIONNAME = mecabotware;
				TargetAttributes = {
					713BC2D41E3D19710008616D = {
						CreatedOnToolsVersion = 8.2.1;
						DevelopmentTeam = VHUB294EWE;
						ProvisioningStyle = Automatic;
					};
				};
			};
			buildConfigurationList = 713BC2D01E3D19710008616D /* Build configuration list for PBXProject "DefensaVial" */;
			compatibilityVersion = "Xcode 3.2";
			developmentRegion = English;
			hasScannedForEncodings = 0;
			knownRegions = (
				en,
				Base,
			);
			mainGroup = 713BC2CC1E3D19710008616D;
			productRefGroup = 713BC2D61E3D19710008616D /* Products */;
			projectDirPath = "";
			projectRoot = "";
			targets = (
				713BC2D41E3D19710008616D /* DefensaVial */,
			);
		};
/* End PBXProject section */

/* Begin PBXResourcesBuildPhase section */
		713BC2D31E3D19710008616D /* Resources */ = {
			isa = PBXResourcesBuildPhase;
			buildActionMask = 2147483647;
			files = (
				713BC2F11E3D1E540008616D /* QueHacer.storyboard in Resources */,
				713BC2E51E3D19710008616D /* LaunchScreen.storyboard in Resources */,
				713BC2F41E3D1E9A0008616D /* ComoProceder.storyboard in Resources */,
				713BC2E21E3D19710008616D /* Assets.xcassets in Resources */,
				713BC2EE1E3D1E320008616D /* QueSaber.storyboard in Resources */,
				713BC2E01E3D19710008616D /* Main.storyboard in Resources */,
			);
			runOnlyForDeploymentPostprocessing = 0;
		};
/* End PBXResourcesBuildPhase section */

/* Begin PBXShellScriptBuildPhase section */
		711EF1781E3DD4590022E79C /* Run Script */ = {
			isa = PBXShellScriptBuildPhase;
			buildActionMask = 2147483647;
			files = (
			);
			inputPaths = (
				"$(SRCROOT)/Carthage/Build/iOS/Eureka.framework",
			);
			name = "Run Script";
			outputPaths = (
			);
			runOnlyForDeploymentPostprocessing = 0;
			shellPath = /bin/sh;
			shellScript = "/usr/local/bin/carthage copy-frameworks";
		};
/* End PBXShellScriptBuildPhase section */

/* Begin PBXSourcesBuildPhase section */
		713BC2D11E3D19710008616D /* Sources */ = {
			isa = PBXSourcesBuildPhase;
			buildActionMask = 2147483647;
			files = (
				711EF17D1E3DE1350022E79C /* RecursoViewController.swift in Sources */,
				713BC2DD1E3D19710008616D /* SecondViewController.swift in Sources */,
				713BC2D91E3D19710008616D /* AppDelegate.swift in Sources */,
				71F6F6951E3D54F40041BF4F /* ThirdViewController.swift in Sources */,
				713BC2DB1E3D19710008616D /* FirstViewController.swift in Sources */,
				71F6F6971E3D75150041BF4F /* PanicViewController.swift in Sources */,
			);
			runOnlyForDeploymentPostprocessing = 0;
		};
/* End PBXSourcesBuildPhase section */

/* Begin PBXVariantGroup section */
		713BC2DE1E3D19710008616D /* Main.storyboard */ = {
			isa = PBXVariantGroup;
			children = (
				713BC2DF1E3D19710008616D /* Base */,
			);
			name = Main.storyboard;
			sourceTree = "<group>";
		};
		713BC2E31E3D19710008616D /* LaunchScreen.storyboard */ = {
			isa = PBXVariantGroup;
			children = (
				713BC2E41E3D19710008616D /* Base */,
			);
			name = LaunchScreen.storyboard;
			sourceTree = "<group>";
		};
		713BC2EC1E3D1E320008616D /* QueSaber.storyboard */ = {
			isa = PBXVariantGroup;
			children = (
				713BC2ED1E3D1E320008616D /* Base */,
			);
			name = QueSaber.storyboard;
			sourceTree = "<group>";
		};
		713BC2EF1E3D1E540008616D /* QueHacer.storyboard */ = {
			isa = PBXVariantGroup;
			children = (
				713BC2F01E3D1E540008616D /* Base */,
			);
			name = QueHacer.storyboard;
			sourceTree = "<group>";
		};
		713BC2F21E3D1E9A0008616D /* ComoProceder.storyboard */ = {
			isa = PBXVariantGroup;
			children = (
				713BC2F31E3D1E9A0008616D /* Base */,
			);
			name = ComoProceder.storyboard;
			sourceTree = "<group>";
		};
/* End PBXVariantGroup section */

/* Begin XCBuildConfiguration section */
		713BC2E71E3D19710008616D /* Debug */ = {
			isa = XCBuildConfiguration;
			buildSettings = {
				ALWAYS_SEARCH_USER_PATHS = NO;
				CLANG_ANALYZER_NONNULL = YES;
				CLANG_CXX_LANGUAGE_STANDARD = "gnu++0x";
				CLANG_CXX_LIBRARY = "libc++";
				CLANG_ENABLE_MODULES = YES;
				CLANG_ENABLE_OBJC_ARC = YES;
				CLANG_WARN_BOOL_CONVERSION = YES;
				CLANG_WARN_CONSTANT_CONVERSION = YES;
				CLANG_WARN_DIRECT_OBJC_ISA_USAGE = YES_ERROR;
				CLANG_WARN_DOCUMENTATION_COMMENTS = YES;
				CLANG_WARN_EMPTY_BODY = YES;
				CLANG_WARN_ENUM_CONVERSION = YES;
				CLANG_WARN_INFINITE_RECURSION = YES;
				CLANG_WARN_INT_CONVERSION = YES;
				CLANG_WARN_OBJC_ROOT_CLASS = YES_ERROR;
				CLANG_WARN_SUSPICIOUS_MOVE = YES;
				CLANG_WARN_UNREACHABLE_CODE = YES;
				CLANG_WARN__DUPLICATE_METHOD_MATCH = YES;
				"CODE_SIGN_IDENTITY[sdk=iphoneos*]" = "iPhone Developer";
				COPY_PHASE_STRIP = NO;
				DEBUG_INFORMATION_FORMAT = dwarf;
				ENABLE_STRICT_OBJC_MSGSEND = YES;
				ENABLE_TESTABILITY = YES;
				GCC_C_LANGUAGE_STANDARD = gnu99;
				GCC_DYNAMIC_NO_PIC = NO;
				GCC_NO_COMMON_BLOCKS = YES;
				GCC_OPTIMIZATION_LEVEL = 0;
				GCC_PREPROCESSOR_DEFINITIONS = (
					"DEBUG=1",
					"$(inherited)",
				);
				GCC_WARN_64_TO_32_BIT_CONVERSION = YES;
				GCC_WARN_ABOUT_RETURN_TYPE = YES_ERROR;
				GCC_WARN_UNDECLARED_SELECTOR = YES;
				GCC_WARN_UNINITIALIZED_AUTOS = YES_AGGRESSIVE;
				GCC_WARN_UNUSED_FUNCTION = YES;
				GCC_WARN_UNUSED_VARIABLE = YES;
				IPHONEOS_DEPLOYMENT_TARGET = 10.2;
				MTL_ENABLE_DEBUG_INFO = YES;
				ONLY_ACTIVE_ARCH = YES;
				SDKROOT = iphoneos;
				SWIFT_ACTIVE_COMPILATION_CONDITIONS = DEBUG;
				SWIFT_OPTIMIZATION_LEVEL = "-Onone";
				TARGETED_DEVICE_FAMILY = "1,2";
			};
			name = Debug;
		};
		713BC2E81E3D19710008616D /* Release */ = {
			isa = XCBuildConfiguration;
			buildSettings = {
				ALWAYS_SEARCH_USER_PATHS = NO;
				CLANG_ANALYZER_NONNULL = YES;
				CLANG_CXX_LANGUAGE_STANDARD = "gnu++0x";
				CLANG_CXX_LIBRARY = "libc++";
				CLANG_ENABLE_MODULES = YES;
				CLANG_ENABLE_OBJC_ARC = YES;
				CLANG_WARN_BOOL_CONVERSION = YES;
				CLANG_WARN_CONSTANT_CONVERSION = YES;
				CLANG_WARN_DIRECT_OBJC_ISA_USAGE = YES_ERROR;
				CLANG_WARN_DOCUMENTATION_COMMENTS = YES;
				CLANG_WARN_EMPTY_BODY = YES;
				CLANG_WARN_ENUM_CONVERSION = YES;
				CLANG_WARN_INFINITE_RECURSION = YES;
				CLANG_WARN_INT_CONVERSION = YES;
				CLANG_WARN_OBJC_ROOT_CLASS = YES_ERROR;
				CLANG_WARN_SUSPICIOUS_MOVE = YES;
				CLANG_WARN_UNREACHABLE_CODE = YES;
				CLANG_WARN__DUPLICATE_METHOD_MATCH = YES;
				"CODE_SIGN_IDENTITY[sdk=iphoneos*]" = "iPhone Developer";
				COPY_PHASE_STRIP = NO;
				DEBUG_INFORMATION_FORMAT = "dwarf-with-dsym";
				ENABLE_NS_ASSERTIONS = NO;
				ENABLE_STRICT_OBJC_MSGSEND = YES;
				GCC_C_LANGUAGE_STANDARD = gnu99;
				GCC_NO_COMMON_BLOCKS = YES;
				GCC_WARN_64_TO_32_BIT_CONVERSION = YES;
				GCC_WARN_ABOUT_RETURN_TYPE = YES_ERROR;
				GCC_WARN_UNDECLARED_SELECTOR = YES;
				GCC_WARN_UNINITIALIZED_AUTOS = YES_AGGRESSIVE;
				GCC_WARN_UNUSED_FUNCTION = YES;
				GCC_WARN_UNUSED_VARIABLE = YES;
				IPHONEOS_DEPLOYMENT_TARGET = 10.2;
				MTL_ENABLE_DEBUG_INFO = NO;
				SDKROOT = iphoneos;
				SWIFT_OPTIMIZATION_LEVEL = "-Owholemodule";
				TARGETED_DEVICE_FAMILY = "1,2";
				VALIDATE_PRODUCT = YES;
			};
			name = Release;
		};
		713BC2EA1E3D19710008616D /* Debug */ = {
			isa = XCBuildConfiguration;
			buildSettings = {
				ASSETCATALOG_COMPILER_APPICON_NAME = AppIcon;
				DEVELOPMENT_TEAM = VHUB294EWE;
				FRAMEWORK_SEARCH_PATHS = (
					"$(inherited)",
					"$(PROJECT_DIR)/Carthage/Build/iOS",
				);
				INFOPLIST_FILE = DefensaVial/Info.plist;
				LD_RUNPATH_SEARCH_PATHS = "$(inherited) @executable_path/Frameworks";
				PRODUCT_BUNDLE_IDENTIFIER = com.mecabotware.defensavial.DefensaVial;
				PRODUCT_NAME = "$(TARGET_NAME)";
				SWIFT_VERSION = 3.0;
			};
			name = Debug;
		};
		713BC2EB1E3D19710008616D /* Release */ = {
			isa = XCBuildConfiguration;
			buildSettings = {
				ASSETCATALOG_COMPILER_APPICON_NAME = AppIcon;
				DEVELOPMENT_TEAM = VHUB294EWE;
				FRAMEWORK_SEARCH_PATHS = (
					"$(inherited)",
					"$(PROJECT_DIR)/Carthage/Build/iOS",
				);
				INFOPLIST_FILE = DefensaVial/Info.plist;
				LD_RUNPATH_SEARCH_PATHS = "$(inherited) @executable_path/Frameworks";
				PRODUCT_BUNDLE_IDENTIFIER = com.mecabotware.defensavial.DefensaVial;
				PRODUCT_NAME = "$(TARGET_NAME)";
				SWIFT_VERSION = 3.0;
			};
			name = Release;
		};
/* End XCBuildConfiguration section */

/* Begin XCConfigurationList section */
		713BC2D01E3D19710008616D /* Build configuration list for PBXProject "DefensaVial" */ = {
			isa = XCConfigurationList;
			buildConfigurations = (
				713BC2E71E3D19710008616D /* Debug */,
				713BC2E81E3D19710008616D /* Release */,
			);
			defaultConfigurationIsVisible = 0;
			defaultConfigurationName = Release;
		};
		713BC2E91E3D19710008616D /* Build configuration list for PBXNativeTarget "DefensaVial" */ = {
			isa = XCConfigurationList;
			buildConfigurations = (
				713BC2EA1E3D19710008616D /* Debug */,
				713BC2EB1E3D19710008616D /* Release */,
			);
			defaultConfigurationIsVisible = 0;
			defaultConfigurationName = Release;
		};
/* End XCConfigurationList section */
	};
	rootObject = 713BC2CD1E3D19710008616D /* Project object */;
}
